
Microsoft Visual Studio Solution File, Format Version 12.00
# Visual Studio Version 16
VisualStudioVersion = 16.0.30804.86
MinimumVisualStudioVersion = 10.0.40219.1
Project("{FAE04EC0-301F-11D3-BF4B-00C04F79EFBC}") = "CepApp", "CepApp\CepApp.csproj", "{B77244BA-8EE0-42C4-B4A5-7AE124BC1247}"
EndProject
Global
	GlobalSection(SolutionConfigurationPlatforms) = preSolution
		Debug|Any CPU = Debug|Any CPU
		Release|Any CPU = Release|Any CPU
	EndGlobalSection
	GlobalSection(ProjectConfigurationPlatforms) = postSolution
		{B77244BA-8EE0-42C4-B4A5-7AE124BC1247}.Debug|Any CPU.ActiveCfg = Debug|Any CPU
		{B77244BA-8EE0-42C4-B4A5-7AE124BC1247}.Debug|Any CPU.Build.0 = Debug|Any CPU
		{B77244BA-8EE0-42C4-B4A5-7AE124BC1247}.Release|Any CPU.ActiveCfg = Release|Any CPU
		{B77244BA-8EE0-42C4-B4A5-7AE124BC1247}.Release|Any CPU.Build.0 = Release|Any CPU
	EndGlobalSection
	GlobalSection(SolutionProperties) = preSolution
		HideSolutionNode = FALSE
	EndGlobalSection
	GlobalSection(ExtensibilityGlobals) = postSolution
		SolutionGuid = {C9E1BFA8-8508-447E-BE25-10843411FE9A}
	EndGlobalSection
EndGlobal
